
Microsoft Visual Studio Solution File, Format Version 12.00
# Visual Studio Version 17
VisualStudioVersion = 17.0.31903.59
MinimumVisualStudioVersion = 10.0.40219.1
Project("{FAE04EC0-301F-11D3-BF4B-00C04F79EFBC}") = "WargamePrototype", "WargamePrototype.csproj", "{C34876B1-D0E8-466B-8553-4FFEA9C0C8AD}"
EndProject
Project("{FAE04EC0-301F-11D3-BF4B-00C04F79EFBC}") = "Wargame.Core", "..\..\src\Wargame.Core\Wargame.Core.csproj", "{5DCA38C9-FE3C-4E44-815D-E986125AAACF}"
EndProject
Global
	GlobalSection(SolutionConfigurationPlatforms) = preSolution
		Debug|Any CPU = Debug|Any CPU
		Debug|x64 = Debug|x64
		Debug|x86 = Debug|x86
		Release|Any CPU = Release|Any CPU
		Release|x64 = Release|x64
		Release|x86 = Release|x86
	EndGlobalSection
	GlobalSection(ProjectConfigurationPlatforms) = postSolution
		{C34876B1-D0E8-466B-8553-4FFEA9C0C8AD}.Debug|Any CPU.ActiveCfg = Debug|Any CPU
		{C34876B1-D0E8-466B-8553-4FFEA9C0C8AD}.Debug|Any CPU.Build.0 = Debug|Any CPU
		{C34876B1-D0E8-466B-8553-4FFEA9C0C8AD}.Debug|x64.ActiveCfg = Debug|Any CPU
		{C34876B1-D0E8-466B-8553-4FFEA9C0C8AD}.Debug|x64.Build.0 = Debug|Any CPU
		{C34876B1-D0E8-466B-8553-4FFEA9C0C8AD}.Debug|x86.ActiveCfg = Debug|Any CPU
		{C34876B1-D0E8-466B-8553-4FFEA9C0C8AD}.Debug|x86.Build.0 = Debug|Any CPU
		{C34876B1-D0E8-466B-8553-4FFEA9C0C8AD}.Release|Any CPU.ActiveCfg = Debug|Any CPU
		{C34876B1-D0E8-466B-8553-4FFEA9C0C8AD}.Release|Any CPU.Build.0 = Debug|Any CPU
		{C34876B1-D0E8-466B-8553-4FFEA9C0C8AD}.Release|x64.ActiveCfg = Debug|Any CPU
		{C34876B1-D0E8-466B-8553-4FFEA9C0C8AD}.Release|x64.Build.0 = Debug|Any CPU
		{C34876B1-D0E8-466B-8553-4FFEA9C0C8AD}.Release|x86.ActiveCfg = Debug|Any CPU
		{C34876B1-D0E8-466B-8553-4FFEA9C0C8AD}.Release|x86.Build.0 = Debug|Any CPU
		{5DCA38C9-FE3C-4E44-815D-E986125AAACF}.Debug|Any CPU.ActiveCfg = Debug|Any CPU
		{5DCA38C9-FE3C-4E44-815D-E986125AAACF}.Debug|Any CPU.Build.0 = Debug|Any CPU
		{5DCA38C9-FE3C-4E44-815D-E986125AAACF}.Debug|x64.ActiveCfg = Debug|Any CPU
		{5DCA38C9-FE3C-4E44-815D-E986125AAACF}.Debug|x64.Build.0 = Debug|Any CPU
		{5DCA38C9-FE3C-4E44-815D-E986125AAACF}.Debug|x86.ActiveCfg = Debug|Any CPU
		{5DCA38C9-FE3C-4E44-815D-E986125AAACF}.Debug|x86.Build.0 = Debug|Any CPU
		{5DCA38C9-FE3C-4E44-815D-E986125AAACF}.Release|Any CPU.ActiveCfg = Release|Any CPU
		{5DCA38C9-FE3C-4E44-815D-E986125AAACF}.Release|Any CPU.Build.0 = Release|Any CPU
		{5DCA38C9-FE3C-4E44-815D-E986125AAACF}.Release|x64.ActiveCfg = Release|Any CPU
		{5DCA38C9-FE3C-4E44-815D-E986125AAACF}.Release|x64.Build.0 = Release|Any CPU
		{5DCA38C9-FE3C-4E44-815D-E986125AAACF}.Release|x86.ActiveCfg = Release|Any CPU
		{5DCA38C9-FE3C-4E44-815D-E986125AAACF}.Release|x86.Build.0 = Release|Any CPU
	EndGlobalSection
	GlobalSection(SolutionProperties) = preSolution
		HideSolutionNode = FALSE
	EndGlobalSection
EndGlobal
